
Microsoft Visual Studio Solution File, Format Version 12.00
# Visual Studio Version 17
VisualStudioVersion = 17.6.33723.286
MinimumVisualStudioVersion = 10.0.40219.1
Project("{FAE04EC0-301F-11D3-BF4B-00C04F79EFBC}") = "uniFlow", "ControleInternet\uniFlow.csproj", "{A2E852C2-9808-41BB-B81A-55F78DD95BFE}"
EndProject
Global
	GlobalSection(SolutionConfigurationPlatforms) = preSolution
		Debug|Any CPU = Debug|Any CPU
		Release|Any CPU = Release|Any CPU
	EndGlobalSection
	GlobalSection(ProjectConfigurationPlatforms) = postSolution
		{A2E852C2-9808-41BB-B81A-55F78DD95BFE}.Debug|Any CPU.ActiveCfg = Debug|Any CPU
		{A2E852C2-9808-41BB-B81A-55F78DD95BFE}.Debug|Any CPU.Build.0 = Debug|Any CPU
		{A2E852C2-9808-41BB-B81A-55F78DD95BFE}.Release|Any CPU.ActiveCfg = Release|Any CPU
		{A2E852C2-9808-41BB-B81A-55F78DD95BFE}.Release|Any CPU.Build.0 = Release|Any CPU
	EndGlobalSection
	GlobalSection(SolutionProperties) = preSolution
		HideSolutionNode = FALSE
	EndGlobalSection
	GlobalSection(ExtensibilityGlobals) = postSolution
		SolutionGuid = {14359C0A-5B19-4187-BD09-B2D58FB0C15F}
	EndGlobalSection
EndGlobal
